
Microsoft Visual Studio Solution File, Format Version 12.00
# Visual Studio Version 17
VisualStudioVersion = 17.1.32407.343
MinimumVisualStudioVersion = 10.0.40219.1
Project("{FAE04EC0-301F-11D3-BF4B-00C04F79EFBC}") = "BlazorBootstrapHorizontalNavbar", "BlazorBootstrapHorizontalNavbar\BlazorBootstrapHorizontalNavbar.csproj", "{A133EDCF-A849-4973-8C4F-26DF030CE17C}"
EndProject
Global
	GlobalSection(SolutionConfigurationPlatforms) = preSolution
		Debug|Any CPU = Debug|Any CPU
		Release|Any CPU = Release|Any CPU
	EndGlobalSection
	GlobalSection(ProjectConfigurationPlatforms) = postSolution
		{A133EDCF-A849-4973-8C4F-26DF030CE17C}.Debug|Any CPU.ActiveCfg = Debug|Any CPU
		{A133EDCF-A849-4973-8C4F-26DF030CE17C}.Debug|Any CPU.Build.0 = Debug|Any CPU
		{A133EDCF-A849-4973-8C4F-26DF030CE17C}.Release|Any CPU.ActiveCfg = Release|Any CPU
		{A133EDCF-A849-4973-8C4F-26DF030CE17C}.Release|Any CPU.Build.0 = Release|Any CPU
	EndGlobalSection
	GlobalSection(SolutionProperties) = preSolution
		HideSolutionNode = FALSE
	EndGlobalSection
	GlobalSection(ExtensibilityGlobals) = postSolution
		SolutionGuid = {F1C703D4-2171-4250-8CBA-8BFCBBA3EAA0}
	EndGlobalSection
EndGlobal
